lockfileVersion: '9.0'

settings:
  autoInstallPeers: true
  excludeLinksFromLockfile: false

importers:

  .:
    dependencies:
      tldts:
        specifier: 7.4.13
        version: 7.4.13

packages:

  tldts-core@7.4.13:
    resolution: {integrity: sha512-mbYsrih5FRtGxs3Usvl/PqwJsNpp+jsmrdFviiK02teHDG0/HebBG/pqCylje3kzgXYzuLoHJF/0mz9W53t8Xg==}

  tldts@7.4.13:
    resolution: {integrity: sha512-iHtaIWWIbMDkCeJdTBzZFGgbluE5J+oHlb2g7+oAz1S1gpuVpabRZdQyd471Vl8UUkcz2vXSL8xZH2kyCe8tfA==}
    hasBin: true

snapshots:

  tldts-core@7.4.13: {}

  tldts@7.4.13:
    dependencies:
      tldts-core: 7.4.13
